lockfileVersion: '9.0'

settings:
  autoInstallPeers: true
  excludeLinksFromLockfile: false

importers:

  .:
    dependencies:
      '@resvg/resvg-js':
        specifier: ^2.6.2
        version: 2.6.2
      fast-xml-parser:
        specifier: ^5.10.1
        version: 5.10.1
      opentype.js:
        specifier: ^2.0.0
        version: 2.0.0
    devDependencies:
      '@fontsource/noto-sans':
        specifier: ^5.3.0
        version: 5.3.0
      '@fontsource/noto-sans-symbols-2':
        specifier: ^5.3.0
        version: 5.3.0
      '@types/node':
        specifier: ^26.1.2
        version: 26.1.2
      '@types/opentype.js':
        specifier: ^1.3.10
        version: 1.3.10
      typescript:
        specifier: ^5.9.3
        version: 5.9.3
    optionalDependencies:
      canvaskit-wasm:
        specifier: ^0.41.1
        version: 0.41.1

packages:

  '@fontsource/noto-sans-symbols-2@5.3.0':
    resolution: {integrity: sha512-hFnEnIXOIgLLJ61SO9icRXKoS+LSWoq7ZqKJQ/NaQR7ptdC6+7yW4ci6EuXgsS1S9JmWpciX6w0AFZkU1DKn1A==}

  '@fontsource/noto-sans@5.3.0':
    resolution: {integrity: sha512-fBCog2PY7DiVVTEEqtI/Qdinx/knobHYfoGpjFXdfBX5RoJaBp1Prw2G75p0OIsdlMZg3cLo0c+YbIUYOxnQJw==}

  '@nodable/entities@3.0.0':
    resolution: {integrity: sha512-8L9xFeTYKhm49xfIypoe2W5wV1m/3Z58kT+7kR9A8OyFxcPduI4VmxaUMQyKYrRjUoLLSXv6EKKID5Tvj9cUVw==}

  '@resvg/resvg-js-android-arm-eabi@2.6.2':
    resolution: {integrity: sha512-FrJibrAk6v29eabIPgcTUMPXiEz8ssrAk7TXxsiZzww9UTQ1Z5KAbFJs+Z0Ez+VZTYgnE5IQJqBcoSiMebtPHA==}
    engines: {node: '>= 10'}
    cpu: [arm]
    os: [android]

  '@resvg/resvg-js-android-arm64@2.6.2':
    resolution: {integrity: sha512-VcOKezEhm2VqzXpcIJoITuvUS/fcjIw5NA/w3tjzWyzmvoCdd+QXIqy3FBGulWdClvp4g+IfUemigrkLThSjAQ==}
    engines: {node: '>= 10'}
    cpu: [arm64]
    os: [android]

  '@resvg/resvg-js-darwin-arm64@2.6.2':
    resolution: {integrity: sha512-nmok2LnAd6nLUKI16aEB9ydMC6Lidiiq2m1nEBDR1LaaP7FGs4AJ90qDraxX+CWlVuRlvNjyYJTNv8qFjtL9+A==}
    engines: {node: '>= 10'}
    cpu: [arm64]
    os: [darwin]

  '@resvg/resvg-js-darwin-x64@2.6.2':
    resolution: {integrity: sha512-GInyZLjgWDfsVT6+SHxQVRwNzV0AuA1uqGsOAW+0th56J7Nh6bHHKXHBWzUrihxMetcFDmQMAX1tZ1fZDYSRsw==}
    engines: {node: '>= 10'}
    cpu: [x64]
    os: [darwin]

  '@resvg/resvg-js-linux-arm-gnueabihf@2.6.2':
    resolution: {integrity: sha512-YIV3u/R9zJbpqTTNwTZM5/ocWetDKGsro0SWp70eGEM9eV2MerWyBRZnQIgzU3YBnSBQ1RcxRZvY/UxwESfZIw==}
    engines: {node: '>= 10'}
    cpu: [arm]
    os: [linux]

  '@resvg/resvg-js-linux-arm64-gnu@2.6.2':
    resolution: {integrity: sha512-zc2BlJSim7YR4FZDQ8OUoJg5holYzdiYMeobb9pJuGDidGL9KZUv7SbiD4E8oZogtYY42UZEap7dqkkYuA91pg==}
    engines: {node: '>= 10'}
    cpu: [arm64]
    os: [linux]

  '@resvg/resvg-js-linux-arm64-musl@2.6.2':
    resolution: {integrity: sha512-3h3dLPWNgSsD4lQBJPb4f+kvdOSJHa5PjTYVsWHxLUzH4IFTJUAnmuWpw4KqyQ3NA5QCyhw4TWgxk3jRkQxEKg==}
    engines: {node: '>= 10'}
    cpu: [arm64]
    os: [linux]

  '@resvg/resvg-js-linux-x64-gnu@2.6.2':
    resolution: {integrity: sha512-IVUe+ckIerA7xMZ50duAZzwf1U7khQe2E0QpUxu5MBJNao5RqC0zwV/Zm965vw6D3gGFUl7j4m+oJjubBVoftw==}
    engines: {node: '>= 10'}
    cpu: [x64]
    os: [linux]

  '@resvg/resvg-js-linux-x64-musl@2.6.2':
    resolution: {integrity: sha512-UOf83vqTzoYQO9SZ0fPl2ZIFtNIz/Rr/y+7X8XRX1ZnBYsQ/tTb+cj9TE+KHOdmlTFBxhYzVkP2lRByCzqi4jQ==}
    engines: {node: '>= 10'}
    cpu: [x64]
    os: [linux]

  '@resvg/resvg-js-win32-arm64-msvc@2.6.2':
    resolution: {integrity: sha512-7C/RSgCa+7vqZ7qAbItfiaAWhyRSoD4l4BQAbVDqRRsRgY+S+hgS3in0Rxr7IorKUpGE69X48q6/nOAuTJQxeQ==}
    engines: {node: '>= 10'}
    cpu: [arm64]
    os: [win32]

  '@resvg/resvg-js-win32-ia32-msvc@2.6.2':
    resolution: {integrity: sha512-har4aPAlvjnLcil40AC77YDIk6loMawuJwFINEM7n0pZviwMkMvjb2W5ZirsNOZY4aDbo5tLx0wNMREp5Brk+w==}
    engines: {node: '>= 10'}
    cpu: [ia32]
    os: [win32]

  '@resvg/resvg-js-win32-x64-msvc@2.6.2':
    resolution: {integrity: sha512-ZXtYhtUr5SSaBrUDq7DiyjOFJqBVL/dOBN7N/qmi/pO0IgiWW/f/ue3nbvu9joWE5aAKDoIzy/CxsY0suwGosQ==}
    engines: {node: '>= 10'}
    cpu: [x64]
    os: [win32]

  '@resvg/resvg-js@2.6.2':
    resolution: {integrity: sha512-xBaJish5OeGmniDj9cW5PRa/PtmuVU3ziqrbr5xJj901ZDN4TosrVaNZpEiLZAxdfnhAe7uQ7QFWfjPe9d9K2Q==}
    engines: {node: '>= 10'}

  '@types/node@26.1.2':
    resolution: {integrity: sha512-Vu4a5UFA9rIIFJ7rB/Vaafh9lrCQszopTCx6KjFboXTGQbPNasehVR5TEiithSDGyd1DEiUByggTZsg8jukeIg==}

  '@types/opentype.js@1.3.10':
    resolution: {integrity: sha512-F67EFyk6j02okHz5JCgata3ZRAcZi9GLnzmkHw/rzJq3OCc8/ZVdoKrxMTYjcQP6IYHGBz2cav1cpzkOkPiPCQ==}

  '@webgpu/types@0.1.21':
    resolution: {integrity: sha512-pUrWq3V5PiSGFLeLxoGqReTZmiiXwY3jRkIG5sLLKjyqNxrwm/04b4nw7LSmGWJcKk59XOM/YRTUwOzo4MMlow==}

  anynum@1.0.1:
    resolution: {integrity: sha512-N6//FLET/tXYNM/F6ABca1oH6fWB+KlTt909Le28WMDBk8oaT4vY17DCrwg2MvmuqUKt3Ni4N5dGJ/EoBgcO6A==}

  canvaskit-wasm@0.41.1:
    resolution: {integrity: sha512-gO2rNMIE0lOQ8MaarM4qNeq2zZAEknAObKP2XAKidMSAY8P5sURGdFkrx1TSdHuBFqTf5w35JqjuUzjibqkD5g==}

  fast-xml-builder@1.3.0:
    resolution: {integrity: sha512-F74cZEdCvuw9P41GAC3rod4X04jjWGM1JPEv/GWSqFTWLsdyMSBMBMlm9Hk3GLBgLBbdBNY8yee0pQh2RBVESQ==}

  fast-xml-parser@5.10.1:
    resolution: {integrity: sha512-IEMIf7298kXuZSRFoGfMYrl7is8LpavODgbNz1cwIudv7KwVFnuU+UsMporfq6PD6aXSlawZlARiA3UywCTfMw==}
    hasBin: true

  is-unsafe@2.0.0:
    resolution: {integrity: sha512-2LdV822R+wmI86unXA93WCFpL6g+av8ynWk0nrHyJqGop5VoocYsSLFgN8jrfalT6iGeLNM4KXuVSsULP53kEA==}

  opentype.js@2.0.0:
    resolution: {integrity: sha512-kCyjv6xdDY1W/jLWZ/L3QhhTlKUqDZMQ5+Jdlw12b3dXkKNpYBqqlMMj0YDQPShWFTMwgZI1hG14kN3XUDSg/A==}
    hasBin: true

  path-expression-matcher@1.6.2:
    resolution: {integrity: sha512-enSlaiat05iasnzmgNxRj8reFdj3puY2QpNgP1aPIaVfT6nn9ICuPoFlKHk8EN22HcwewshO+mN2DGbkCEOtqQ==}
    engines: {node: '>=14.0.0'}

  strnum@2.4.1:
    resolution: {integrity: sha512-M9eUSMT2dCB2cTNPG7UYj6KuK7RJR2SN2+yCV/fTW3xzTCS6EaGZ5pSMgDIjB7r8zSfTGk+dvvn9rTjpVS9Mwg==}

  typescript@5.9.3:
    resolution: {integrity: sha512-jl1vZzPDinLr9eUt3J/t7V6FgNEw9QjvBPdysz9KfQDD41fQrC2Y4vKQdiaUpFT4bXlb1RHhLpp8wtm6M5TgSw==}
    engines: {node: '>=14.17'}
    hasBin: true

  undici-types@8.3.0:
    resolution: {integrity: sha512-j375ScV60dom+YkPFIfTLcOiPxkN/buHz5GobjLhixFuANaNs3C9l4GmrWqejgXWJ7BbJcFYpTEUkS1Ge8bpZQ==}

  xml-naming@0.3.0:
    resolution: {integrity: sha512-ghig2TBE/H11aOVgmahA3MhimvkBr6JIYknH/Dhdk10nXwdbIqBJsbfMxpvFPG8bAw77gN29aQWvKpmVoPlvPQ==}
    engines: {node: '>=16.0.0'}

snapshots:

  '@fontsource/noto-sans-symbols-2@5.3.0': {}

  '@fontsource/noto-sans@5.3.0': {}

  '@nodable/entities@3.0.0': {}

  '@resvg/resvg-js-android-arm-eabi@2.6.2':
    optional: true

  '@resvg/resvg-js-android-arm64@2.6.2':
    optional: true

  '@resvg/resvg-js-darwin-arm64@2.6.2':
    optional: true

  '@resvg/resvg-js-darwin-x64@2.6.2':
    optional: true

  '@resvg/resvg-js-linux-arm-gnueabihf@2.6.2':
    optional: true

  '@resvg/resvg-js-linux-arm64-gnu@2.6.2':
    optional: true

  '@resvg/resvg-js-linux-arm64-musl@2.6.2':
    optional: true

  '@resvg/resvg-js-linux-x64-gnu@2.6.2':
    optional: true

  '@resvg/resvg-js-linux-x64-musl@2.6.2':
    optional: true

  '@resvg/resvg-js-win32-arm64-msvc@2.6.2':
    optional: true

  '@resvg/resvg-js-win32-ia32-msvc@2.6.2':
    optional: true

  '@resvg/resvg-js-win32-x64-msvc@2.6.2':
    optional: true

  '@resvg/resvg-js@2.6.2':
    optionalDependencies:
      '@resvg/resvg-js-android-arm-eabi': 2.6.2
      '@resvg/resvg-js-android-arm64': 2.6.2
      '@resvg/resvg-js-darwin-arm64': 2.6.2
      '@resvg/resvg-js-darwin-x64': 2.6.2
      '@resvg/resvg-js-linux-arm-gnueabihf': 2.6.2
      '@resvg/resvg-js-linux-arm64-gnu': 2.6.2
      '@resvg/resvg-js-linux-arm64-musl': 2.6.2
      '@resvg/resvg-js-linux-x64-gnu': 2.6.2
      '@resvg/resvg-js-linux-x64-musl': 2.6.2
      '@resvg/resvg-js-win32-arm64-msvc': 2.6.2
      '@resvg/resvg-js-win32-ia32-msvc': 2.6.2
      '@resvg/resvg-js-win32-x64-msvc': 2.6.2

  '@types/node@26.1.2':
    dependencies:
      undici-types: 8.3.0

  '@types/opentype.js@1.3.10': {}

  '@webgpu/types@0.1.21':
    optional: true

  anynum@1.0.1: {}

  canvaskit-wasm@0.41.1:
    dependencies:
      '@webgpu/types': 0.1.21
    optional: true

  fast-xml-builder@1.3.0:
    dependencies:
      path-expression-matcher: 1.6.2
      xml-naming: 0.3.0

  fast-xml-parser@5.10.1:
    dependencies:
      '@nodable/entities': 3.0.0
      fast-xml-builder: 1.3.0
      is-unsafe: 2.0.0
      path-expression-matcher: 1.6.2
      strnum: 2.4.1
      xml-naming: 0.3.0

  is-unsafe@2.0.0: {}

  opentype.js@2.0.0: {}

  path-expression-matcher@1.6.2: {}

  strnum@2.4.1:
    dependencies:
      anynum: 1.0.1

  typescript@5.9.3: {}

  undici-types@8.3.0: {}

  xml-naming@0.3.0: {}
